github.com/go-cmd/cmd v1.3.0 h1:Wet2eYkLouFqyiG+x6P6l8CICRywhRD6sjMNalTSvbs=
github.com/go-cmd/cmd v1.3.0/go.mod h1:l/X/csRuYRDqiQIz9PPJBn4xDrdxgBXeLE9x1BeFU6M=
github.com/go-test/deep v1.0.6/go.mod h1:QV8Hv/iy04NyLBxAdO9njL0iVPN1S4d/A3NVv1V36o8=
github.com/google/uuid v1.2.0 h1:qJYtXnJRWmpe7m/3XlyhrsLrEURqHRM2kxzoxXqyUDs=
github.com/google/uuid v1.2.0/go.mod h1:TIyPZe4MgqvfeYDBFedMoGGpEw/LqOeaOT+nhxU+yHo=
github.com/julienschmidt/httprouter v1.3.0 h1:U0609e9tgbseu3rBINet9P48AI/D3oJs4dN7jwJOQ1U=
github.com/julienschmidt/httprouter v1.3.0/go.mod h1:JR6WtHb+2LUe8TCKY3cZOxFyyO8IZAc4RVcycCCAKdM=
